<?xml version="1.0" encoding="utf-8"?>
<Project ToolsVersion="4.0" xmlns="http://schemas.microsoft.com/developer/msbuild/2003">
  <ItemGroup>
    <Filter Include="_Library">
      <UniqueIdentifier>{e0c6b26a-301a-4342-b770-078735de234c}</UniqueIdentifier>
    </Filter>
    <Filter Include="Sort">
      <UniqueIdentifier>{7f676a5b-6244-4ff7-bd32-503ff319fc2e}</UniqueIdentifier>
    </Filter>
    <Filter Include="_Main">
      <UniqueIdentifier>{5563a370-9d14-479b-8ea8-91941ff99911}</UniqueIdentifier>
    </Filter>
  </ItemGroup>
  <ItemGroup>
    <ClInclude Include="MergeSort.h">
      <Filter>Sort</Filter>
    </ClInclude>
    <ClInclude Include="Console.h">
      <Filter>_Library</Filter>
    </ClInclude>
    <ClInclude Include="QuickSort.h">
      <Filter>Sort</Filter>
    </ClInclude>
    <ClInclude Include="_Test.h">
      <Filter>Sort</Filter>
    </ClInclude>
    <ClInclude Include="Random.h">
      <Filter>_Library</Filter>
    </ClInclude>
  </ItemGroup>
  <ItemGroup>
    <ClCompile Include="MergeSort.cpp">
      <Filter>Sort</Filter>
    </ClCompile>
    <ClCompile Include="Console.cpp">
      <Filter>_Library</Filter>
    </ClCompile>
    <ClCompile Include="main.cpp">
      <Filter>_Main</Filter>
    </ClCompile>
    <ClCompile Include="QuickSort.cpp">
      <Filter>Sort</Filter>
    </ClCompile>
    <ClCompile Include="_Test.cpp">
      <Filter>Sort</Filter>
    </ClCompile>
    <ClCompile Include="Random.cpp">
      <Filter>_Library</Filter>
    </ClCompile>
  </ItemGroup>
  <ItemGroup>
    <Text Include="numbers.txt">
      <Filter>_Main</Filter>
    </Text>
  </ItemGroup>
</Project>